{
  "name": "dni",
  "version": "1.0.0",
  "lockfileVersion": 3,
  "requires": true,
  "packages": {
    "": {
      "name": "dni",
      "version": "1.0.0",
      "license": "ISC",
      "dependencies": {
        "modern-normalize": "^3.0.1"
      }
    },
    "node_modules/modern-normalize": {
      "version": "3.0.1",
      "license": "MIT",
      "engines": {
        "node": ">=6"
      },
      "funding": {
        "url": "https://github.com/sponsors/sindresorhus"
      }
    }
  }
}
